Microsoft Visual Studio Solution File, Format Version 12.00
# Visual Studio 2012
Project("{FAE04EC0-301F-11D3-BF4B-00C04F79EFBC}") = "storytelling3", "storytelling3.csproj", "{F940F553-8301-4047-9573-0C60B5F81126}"
EndProject
Global
	GlobalSection(SolutionConfigurationPlatforms) = preSolution
	Debug|Any CPU = Debug|Any CPU
	ExportDebug|Any CPU = ExportDebug|Any CPU
	ExportRelease|Any CPU = ExportRelease|Any CPU
	EndGlobalSection
	GlobalSection(ProjectConfigurationPlatforms) = postSolution
		{F940F553-8301-4047-9573-0C60B5F81126}.Debug|Any CPU.ActiveCfg = Debug|Any CPU
		{F940F553-8301-4047-9573-0C60B5F81126}.Debug|Any CPU.Build.0 = Debug|Any CPU
		{F940F553-8301-4047-9573-0C60B5F81126}.ExportDebug|Any CPU.ActiveCfg = ExportDebug|Any CPU
		{F940F553-8301-4047-9573-0C60B5F81126}.ExportDebug|Any CPU.Build.0 = ExportDebug|Any CPU
		{F940F553-8301-4047-9573-0C60B5F81126}.ExportRelease|Any CPU.ActiveCfg = ExportRelease|Any CPU
		{F940F553-8301-4047-9573-0C60B5F81126}.ExportRelease|Any CPU.Build.0 = ExportRelease|Any CPU
	EndGlobalSection
EndGlobal
